PODS:
  - AFNetworking (2.3.1):
    - AFNetworking/NSURLConnection
    - AFNetworking/NSURLSession
    - AFNetworking/Reachability
    - AFNetworking/Security
    - AFNetworking/Serialization
    - AFNetworking/UIKit
  - AFNetworking/NSURLConnection (2.3.1):
    - AFNetworking/Reachability
    - AFNetworking/Security
    - AFNetworking/Serialization
  - AFNetworking/NSURLSession (2.3.1):
    - AFNetworking/Reachability
    - AFNetworking/Security
    - AFNetworking/Serialization
  - AFNetworking/Reachability (2.3.1)
  - AFNetworking/Security (2.3.1)
  - AFNetworking/Serialization (2.3.1)
  - AFNetworking/UIKit (2.3.1):
    - AFNetworking/NSURLConnection
    - AFNetworking/NSURLSession
  - BlocksKit (2.2.3):
    - BlocksKit/All
  - BlocksKit/All (2.2.3):
    - BlocksKit/Core
    - BlocksKit/DynamicDelegate
    - BlocksKit/MessageUI
    - BlocksKit/UIKit
  - BlocksKit/Core (2.2.3)
  - BlocksKit/DynamicDelegate (2.2.3)
  - BlocksKit/MessageUI (2.2.3):
    - BlocksKit/Core
    - BlocksKit/DynamicDelegate
  - BlocksKit/UIKit (2.2.3):
    - BlocksKit/Core
    - BlocksKit/DynamicDelegate
  - Bolts (1.1.1)
  - CWStatusBarNotification (2.1.1)
  - DACircularProgress (2.2.0)
  - Facebook-iOS-SDK (3.16.2):
    - Bolts
  - FFCircularProgressView (0.4)
  - FLEX (1.1.0)
  - GoogleAnalytics-iOS-SDK (3.0.8)
  - iCarousel (1.7.6)
  - JDStatusBarNotification (1.4.8)
  - MagicalRecord (2.2):
    - MagicalRecord/Core
  - MagicalRecord/Core (2.2)
  - Masonry (0.5.2)
  - Parse (1.2.20):
    - Facebook-iOS-SDK (~> 3.11)
  - SDWebImage (3.7.1):
    - SDWebImage/Core
  - SDWebImage/Core (3.7.1)
  - SVProgressHUD (1.0)
  - Toast (2.2)
  - Typhoon (2.1.5):
    - Typhoon/Configuration
    - Typhoon/Definition
    - Typhoon/Factory
    - Typhoon/Factory
    - Typhoon/ios
    - Typhoon/no-arc
    - Typhoon/Test
    - Typhoon/TypeConversion
    - Typhoon/Utils
  - Typhoon/Configuration (2.1.5):
    - Typhoon/Configuration/ConfigPostProcessor
    - Typhoon/Configuration/DefinitionOptionConfiguration
    - Typhoon/Configuration/Resource
    - Typhoon/Configuration/Startup
    - Typhoon/Factory
  - Typhoon/Configuration/ConfigPostProcessor (2.1.5):
    - Typhoon/Factory
  - Typhoon/Configuration/DefinitionOptionConfiguration (2.1.5):
    - Typhoon/Configuration/DefinitionOptionConfiguration/Factory
    - Typhoon/Factory
  - Typhoon/Configuration/DefinitionOptionConfiguration/Factory (2.1.5):
    - Typhoon/Factory
  - Typhoon/Configuration/Resource (2.1.5):
    - Typhoon/Factory
  - Typhoon/Configuration/Startup (2.1.5):
    - Typhoon/Factory
  - Typhoon/Definition (2.1.5):
    - Typhoon/Definition/Injections
    - Typhoon/Definition/Internal
    - Typhoon/Definition/Method
    - Typhoon/Factory
  - Typhoon/Definition/Injections (2.1.5):
    - Typhoon/Factory
  - Typhoon/Definition/Internal (2.1.5):
    - Typhoon/Factory
  - Typhoon/Definition/Method (2.1.5):
    - Typhoon/Definition/Method/Internal
    - Typhoon/Factory
  - Typhoon/Definition/Method/Internal (2.1.5):
    - Typhoon/Factory
  - Typhoon/Factory (2.1.5):
    - Typhoon/Configuration
    - Typhoon/Definition
    - Typhoon/Factory
    - Typhoon/Factory/Block
    - Typhoon/Factory/Hooks
    - Typhoon/Factory/Internal
    - Typhoon/Factory/Pool
    - Typhoon/no-arc
    - Typhoon/TypeConversion
    - Typhoon/Utils
  - Typhoon/Factory/Block (2.1.5):
    - Typhoon/Configuration
    - Typhoon/Definition
    - Typhoon/Factory
    - Typhoon/no-arc
    - Typhoon/TypeConversion
    - Typhoon/Utils
  - Typhoon/Factory/Hooks (2.1.5):
    - Typhoon/Configuration
    - Typhoon/Definition
    - Typhoon/Factory
    - Typhoon/no-arc
    - Typhoon/TypeConversion
    - Typhoon/Utils
  - Typhoon/Factory/Internal (2.1.5):
    - Typhoon/Configuration
    - Typhoon/Definition
    - Typhoon/Factory
    - Typhoon/no-arc
    - Typhoon/TypeConversion
    - Typhoon/Utils
  - Typhoon/Factory/Pool (2.1.5):
    - Typhoon/Configuration
    - Typhoon/Definition
    - Typhoon/Factory
    - Typhoon/no-arc
    - Typhoon/TypeConversion
    - Typhoon/Utils
  - Typhoon/ios (2.1.5):
    - Typhoon/Factory
    - Typhoon/ios/Configuration
    - Typhoon/ios/Storyboard
    - Typhoon/ios/TypeConversion
  - Typhoon/ios/Configuration (2.1.5):
    - Typhoon/Factory
  - Typhoon/ios/Storyboard (2.1.5):
    - Typhoon/Factory
  - Typhoon/ios/TypeConversion (2.1.5):
    - Typhoon/Factory
  - Typhoon/no-arc (2.1.5):
    - Typhoon/Factory
  - Typhoon/Test (2.1.5):
    - Typhoon/Factory
  - Typhoon/TypeConversion (2.1.5):
    - Typhoon/Factory
    - Typhoon/TypeConversion/Converters
  - Typhoon/TypeConversion/Converters (2.1.5):
    - Typhoon/Factory
  - Typhoon/Utils (2.1.5):
    - Typhoon/Factory

DEPENDENCIES:
  - AFNetworking
  - BlocksKit
  - CWStatusBarNotification
  - DACircularProgress
  - FFCircularProgressView
  - FLEX
  - GoogleAnalytics-iOS-SDK
  - iCarousel
  - JDStatusBarNotification
  - MagicalRecord
  - Masonry
  - Parse
  - SDWebImage
  - SVProgressHUD
  - Toast
  - Typhoon

SPEC CHECKSUMS:
  AFNetworking: 6d7b76aa5d04c8c37daad3eef4b7e3f2a7620da3
  BlocksKit: 07c8a80f04275efac6a5f8b973782489c083a182
  Bolts: 0ca796081c3e7c139bd86d6903c27f1b83036a5d
  CWStatusBarNotification: 90989a73615aceb90c2da393d926ab76d8ea6a6d
  DACircularProgress: 3b41941891a56dc6aa17971f5322a9a38a6f446e
  Facebook-iOS-SDK: 34eef640c2cc4c8618ba0f574ad2b290e07f1b4e
  FFCircularProgressView: 8b1def13f3eb58916162867c5cea79c242679b96
  FLEX: fa5e81b7b25ba64afe4fad14deb27d4b95efd75e
  GoogleAnalytics-iOS-SDK: a3206c68ee5f2a014ed67383d1f779072b653988
  iCarousel: c35a4e26b3c657847e523012b593e70ddbd84992
  JDStatusBarNotification: c68611370dedc0ef865fb0fc1768dfbaf8fd961f
  MagicalRecord: 2b471584fc9e3137f3d0a56967917baa4979e224
  Masonry: ec0189e1a07af00913e4a1a335ea76887adc86e1
  Parse: 28c0dc54f30201a369d29a2f76c09fa43b2add16
  SDWebImage: 116e88633b5b416ea0ca4b334a4ac59cf72dd38d
  SVProgressHUD: 5034c6e22b8c2ca3e09402e48d41ed0340aa1c50
  Toast: dcf6e9f10369291f9c22feae1bed93c9ed3d84a2
  Typhoon: c7c9d3e6e89f7177331504308f99c58d0b1a91b5

COCOAPODS: 0.33.1
