// !$*UTF8*$!
{
	archiveVersion = 1;
	classes = {
	};
	objectVersion = 46;
	objects = {

/* Begin PBXBuildFile section */
		3DBC48682F2F47E98CC8C415 /* libPods-Sheep.a in Frameworks */ = {isa = PBXBuildFile; fileRef = 58B8DA5D3446480EA456CBD3 /* libPods-Sheep.a */; };
		583553B10EA248C485992F9B /* libPods-SheepTests.a in Frameworks */ = {isa = PBXBuildFile; fileRef = 6F68FC543C594724AF0AEF10 /* libPods-SheepTests.a */; };
		FE05E5AE19943B40001C60F0 /* Hayo.swift in Sources */ = {isa = PBXBuildFile; fileRef = FE05E5AD19943B40001C60F0 /* Hayo.swift */; };
		FE06BE14198117A1007367EA /* ObjcHelper.m in Sources */ = {isa = PBXBuildFile; fileRef = FE06BE13198117A1007367EA /* ObjcHelper.m */; };
		FE06C73F19941ED200CE8FEA /* FriendHayoCell.xib in Resources */ = {isa = PBXBuildFile; fileRef = FE06C73E19941ED200CE8FEA /* FriendHayoCell.xib */; };
		FE06C74119941EDA00CE8FEA /* MyHayoCell.xib in Resources */ = {isa = PBXBuildFile; fileRef = FE06C74019941EDA00CE8FEA /* MyHayoCell.xib */; };
		FE06C74319941EE600CE8FEA /* FriendHayoCell.swift in Sources */ = {isa = PBXBuildFile; fileRef = FE06C74219941EE600CE8FEA /* FriendHayoCell.swift */; };
		FE06C74519941EEE00CE8FEA /* MyHayoCell.swift in Sources */ = {isa = PBXBuildFile; fileRef = FE06C74419941EEE00CE8FEA /* MyHayoCell.swift */; };
		FE12D6AE1987BA510019DF03 /* UIUtils.swift in Sources */ = {isa = PBXBuildFile; fileRef = FE12D6AD1987BA510019DF03 /* UIUtils.swift */; };
		FE254BCB198B08C400BA9848 /* SearchFriendsViewController.swift in Sources */ = {isa = PBXBuildFile; fileRef = FE254BCA198B08C400BA9848 /* SearchFriendsViewController.swift */; };
		FE266A4F198C46A7001A0F13 /* Login.storyboard in Resources */ = {isa = PBXBuildFile; fileRef = FE5E82831985898000898315 /* Login.storyboard */; };
		FE266A53198C6006001A0F13 /* home.png in Resources */ = {isa = PBXBuildFile; fileRef = FE266A51198C6006001A0F13 /* home.png */; };
		FE266A54198C6006001A0F13 /* home@2x.png in Resources */ = {isa = PBXBuildFile; fileRef = FE266A52198C6006001A0F13 /* home@2x.png */; };
		FE38E09119874EAA00CEE29B /* RegistrationViewController.swift in Sources */ = {isa = PBXBuildFile; fileRef = FE38E09019874EAA00CEE29B /* RegistrationViewController.swift */; };
		FE38E09319874F1B00CEE29B /* SNSClient.swift in Sources */ = {isa = PBXBuildFile; fileRef = FE38E09219874F1B00CEE29B /* SNSClient.swift */; };
		FE3F7E7B198E007A001E779A /* SideMenu.storyboard in Resources */ = {isa = PBXBuildFile; fileRef = FE3F7E7A198E007A001E779A /* SideMenu.storyboard */; };
		FE3F7E7D198E008D001E779A /* SideMenuViewController.swift in Sources */ = {isa = PBXBuildFile; fileRef = FE3F7E7C198E008D001E779A /* SideMenuViewController.swift */; };
		FE50AD0B1987D8700054B5F3 /* FriendCell.xib in Resources */ = {isa = PBXBuildFile; fileRef = FE50AD0A1987D8700054B5F3 /* FriendCell.xib */; };
		FE50AD0D1987D87C0054B5F3 /* FriendCell.swift in Sources */ = {isa = PBXBuildFile; fileRef = FE50AD0C1987D87C0054B5F3 /* FriendCell.swift */; };
		FE5E82861985899400898315 /* LoginViewController.swift in Sources */ = {isa = PBXBuildFile; fileRef = FE5E82851985899400898315 /* LoginViewController.swift */; };
		FE5E828E19858E0D00898315 /* logo.png in Resources */ = {isa = PBXBuildFile; fileRef = FE5E828C19858E0D00898315 /* logo.png */; };
		FE5E828F19858E0D00898315 /* logo@2x.png in Resources */ = {isa = PBXBuildFile; fileRef = FE5E828D19858E0D00898315 /* logo@2x.png */; };
		FE5E829619858F1400898315 /* facebook24.png in Resources */ = {isa = PBXBuildFile; fileRef = FE5E829419858F1400898315 /* facebook24.png */; };
		FE5E829719858F1400898315 /* facebook24@2x.png in Resources */ = {isa = PBXBuildFile; fileRef = FE5E829519858F1400898315 /* facebook24@2x.png */; };
		FE5E829A198590F500898315 /* twitter_logo.png in Resources */ = {isa = PBXBuildFile; fileRef = FE5E8298198590F500898315 /* twitter_logo.png */; };
		FE5E829B198590F500898315 /* twitter_logo@2x.png in Resources */ = {isa = PBXBuildFile; fileRef = FE5E8299198590F500898315 /* twitter_logo@2x.png */; };
		FE7C17861980B64A0070FAD3 /* Crashlytics.framework in Frameworks */ = {isa = PBXBuildFile; fileRef = FE7C17851980B64A0070FAD3 /* Crashlytics.framework */; };
		FE93F12219883DDD00310F7D /* RestClient.swift in Sources */ = {isa = PBXBuildFile; fileRef = FE93F12119883DDD00310F7D /* RestClient.swift */; };
		FEA7BCF5198E05830023AF7A /* HayoListViewController.swift in Sources */ = {isa = PBXBuildFile; fileRef = FEA7BCF4198E05830023AF7A /* HayoListViewController.swift */; };
		FEA7BCF7198E05BB0023AF7A /* HayoList.storyboard in Resources */ = {isa = PBXBuildFile; fileRef = FEA7BCF6198E05BB0023AF7A /* HayoList.storyboard */; };
		FEA7BCFE198E0CA20023AF7A /* close.png in Resources */ = {isa = PBXBuildFile; fileRef = FEA7BCFC198E0CA20023AF7A /* close.png */; };
		FEA7BCFF198E0CA20023AF7A /* close@2x.png in Resources */ = {isa = PBXBuildFile; fileRef = FEA7BCFD198E0CA20023AF7A /* close@2x.png */; };
		FEA7BD02198E0EAD0023AF7A /* Profile.storyboard in Resources */ = {isa = PBXBuildFile; fileRef = FEA7BD01198E0EAD0023AF7A /* Profile.storyboard */; };
		FEA7BD04198E0EB80023AF7A /* ProfileViewController.swift in Sources */ = {isa = PBXBuildFile; fileRef = FEA7BD03198E0EB80023AF7A /* ProfileViewController.swift */; };
		FEA7BD06198E15890023AF7A /* FriendView.swift in Sources */ = {isa = PBXBuildFile; fileRef = FEA7BD05198E15890023AF7A /* FriendView.swift */; };
		FEA7BD08198E15950023AF7A /* FriendView.xib in Resources */ = {isa = PBXBuildFile; fileRef = FEA7BD07198E15950023AF7A /* FriendView.xib */; };
		FEB7BC8F198662E500321AC3 /* TypedSNSUser.swift in Sources */ = {isa = PBXBuildFile; fileRef = FEB7BC8E198662E500321AC3 /* TypedSNSUser.swift */; };
		FEB977C11991D7EA000032E6 /* FriendViewController.swift in Sources */ = {isa = PBXBuildFile; fileRef = FEB977C01991D7EA000032E6 /* FriendViewController.swift */; };
		FEB977C31991D7F4000032E6 /* Friend.storyboard in Resources */ = {isa = PBXBuildFile; fileRef = FEB977C21991D7F4000032E6 /* Friend.storyboard */; };
		FEBED927198B0738003E93EB /* Localizable.strings in Resources */ = {isa = PBXBuildFile; fileRef = FEBED926198B0738003E93EB /* Localizable.strings */; };
		FEC4AB3E19819DE000E84978 /* Model.xcdatamodeld in Sources */ = {isa = PBXBuildFile; fileRef = FEC4AB3C19819DE000E84978 /* Model.xcdatamodeld */; };
		FEC4AB4019819E0C00E84978 /* Account.swift in Sources */ = {isa = PBXBuildFile; fileRef = FEC4AB3F19819E0C00E84978 /* Account.swift */; };
		FEC4AB4319819F5300E84978 /* IOUtil.swift in Sources */ = {isa = PBXBuildFile; fileRef = FEC4AB4219819F5300E84978 /* IOUtil.swift */; };
		FEC4AB451981AB1B00E84978 /* sheep.caf in Resources */ = {isa = PBXBuildFile; fileRef = FEC4AB441981AA4400E84978 /* sheep.caf */; };
		FEC78CD7198BBAB5008E7C10 /* FriendCandidateCell.swift in Sources */ = {isa = PBXBuildFile; fileRef = FEC78CD6198BBAB5008E7C10 /* FriendCandidateCell.swift */; };
		FEC78CD9198BBAD3008E7C10 /* FriendCandidateCell.xib in Resources */ = {isa = PBXBuildFile; fileRef = FEC78CD8198BBAD3008E7C10 /* FriendCandidateCell.xib */; };
		FECB66EA1980B2DA00FFD05C /* AppDelegate.swift in Sources */ = {isa = PBXBuildFile; fileRef = FECB66E91980B2DA00FFD05C /* AppDelegate.swift */; };
		FECB66EC1980B2DA00FFD05C /* MainViewController.swift in Sources */ = {isa = PBXBuildFile; fileRef = FECB66EB1980B2DA00FFD05C /* MainViewController.swift */; };
		FECB66EF1980B2DA00FFD05C /* Main.storyboard in Resources */ = {isa = PBXBuildFile; fileRef = FECB66ED1980B2DA00FFD05C /* Main.storyboard */; };
		FECB66F11980B2DA00FFD05C /* Images.xcassets in Resources */ = {isa = PBXBuildFile; fileRef = FECB66F01980B2DA00FFD05C /* Images.xcassets */; };
		FECB66FD1980B2DA00FFD05C /* SheepTests.swift in Sources */ = {isa = PBXBuildFile; fileRef = FECB66FC1980B2DA00FFD05C /* SheepTests.swift */; };
/* End PBXBuildFile section */

/* Begin PBXContainerItemProxy section */
		FECB66F71980B2DA00FFD05C /* PBXContainerItemProxy */ = {
			isa = PBXContainerItemProxy;
			containerPortal = FECB66DC1980B2DA00FFD05C /* Project object */;
			proxyType = 1;
			remoteGlobalIDString = FECB66E31980B2DA00FFD05C;
			remoteInfo = Sheep;
		};
/* End PBXContainerItemProxy section */

/* Begin PBXFileReference section */
		15987A3D436C49ED943AFB7A /* Pods-Sheep.xcconfig */ = {isa = PBXFileReference; includeInIndex = 1; lastKnownFileType = text.xcconfig; name = "Pods-Sheep.xcconfig"; path = "Pods/Pods-Sheep.xcconfig"; sourceTree = "<group>"; };
		58B8DA5D3446480EA456CBD3 /* libPods-Sheep.a */ = {isa = PBXFileReference; explicitFileType = archive.ar; includeInIndex = 0; path = "libPods-Sheep.a"; sourceTree = BUILT_PRODUCTS_DIR; };
		6F68FC543C594724AF0AEF10 /* libPods-SheepTests.a */ = {isa = PBXFileReference; explicitFileType = archive.ar; includeInIndex = 0; path = "libPods-SheepTests.a"; sourceTree = BUILT_PRODUCTS_DIR; };
		73105CB695E240E9B52057E2 /* Pods-SheepTests.xcconfig */ = {isa = PBXFileReference; includeInIndex = 1; lastKnownFileType = text.xcconfig; name = "Pods-SheepTests.xcconfig"; path = "Pods/Pods-SheepTests.xcconfig"; sourceTree = "<group>"; };
		FE05E5AD19943B40001C60F0 /* Hayo.swift */ = {isa = PBXFileReference; fileEncoding = 4; lastKnownFileType = sourcecode.swift; path = Hayo.swift; sourceTree = "<group>"; };
		FE06BE12198117A1007367EA /* ObjcHelper.h */ = {isa = PBXFileReference; fileEncoding = 4; lastKnownFileType = sourcecode.c.h; path = ObjcHelper.h; sourceTree = "<group>"; };
		FE06BE13198117A1007367EA /* ObjcHelper.m */ = {isa = PBXFileReference; fileEncoding = 4; lastKnownFileType = sourcecode.c.objc; path = ObjcHelper.m; sourceTree = "<group>"; };
		FE06C73E19941ED200CE8FEA /* FriendHayoCell.xib */ = {isa = PBXFileReference; fileEncoding = 4; lastKnownFileType = file.xib; path = FriendHayoCell.xib; sourceTree = "<group>"; };
		FE06C74019941EDA00CE8FEA /* MyHayoCell.xib */ = {isa = PBXFileReference; fileEncoding = 4; lastKnownFileType = file.xib; path = MyHayoCell.xib; sourceTree = "<group>"; };
		FE06C74219941EE600CE8FEA /* FriendHayoCell.swift */ = {isa = PBXFileReference; fileEncoding = 4; lastKnownFileType = sourcecode.swift; path = FriendHayoCell.swift; sourceTree = "<group>"; };
		FE06C74419941EEE00CE8FEA /* MyHayoCell.swift */ = {isa = PBXFileReference; fileEncoding = 4; lastKnownFileType = sourcecode.swift; path = MyHayoCell.swift; sourceTree = "<group>"; };
		FE12D6AD1987BA510019DF03 /* UIUtils.swift */ = {isa = PBXFileReference; fileEncoding = 4; lastKnownFileType = sourcecode.swift; path = UIUtils.swift; sourceTree = "<group>"; };
		FE254BCA198B08C400BA9848 /* SearchFriendsViewController.swift */ = {isa = PBXFileReference; fileEncoding = 4; lastKnownFileType = sourcecode.swift; path = SearchFriendsViewController.swift; sourceTree = "<group>"; };
		FE266A51198C6006001A0F13 /* home.png */ = {isa = PBXFileReference; lastKnownFileType = image.png; path = home.png; sourceTree = "<group>"; };
		FE266A52198C6006001A0F13 /* home@2x.png */ = {isa = PBXFileReference; lastKnownFileType = image.png; path = "home@2x.png"; sourceTree = "<group>"; };
		FE38E09019874EAA00CEE29B /* RegistrationViewController.swift */ = {isa = PBXFileReference; fileEncoding = 4; lastKnownFileType = sourcecode.swift; path = RegistrationViewController.swift; sourceTree = "<group>"; };
		FE38E09219874F1B00CEE29B /* SNSClient.swift */ = {isa = PBXFileReference; fileEncoding = 4; lastKnownFileType = sourcecode.swift; path = SNSClient.swift; sourceTree = "<group>"; };
		FE3F7E7A198E007A001E779A /* SideMenu.storyboard */ = {isa = PBXFileReference; fileEncoding = 4; lastKnownFileType = file.storyboard; path = SideMenu.storyboard; sourceTree = "<group>"; };
		FE3F7E7C198E008D001E779A /* SideMenuViewController.swift */ = {isa = PBXFileReference; fileEncoding = 4; lastKnownFileType = sourcecode.swift; path = SideMenuViewController.swift; sourceTree = "<group>"; };
		FE50AD0A1987D8700054B5F3 /* FriendCell.xib */ = {isa = PBXFileReference; fileEncoding = 4; lastKnownFileType = file.xib; path = FriendCell.xib; sourceTree = "<group>"; };
		FE50AD0C1987D87C0054B5F3 /* FriendCell.swift */ = {isa = PBXFileReference; fileEncoding = 4; lastKnownFileType = sourcecode.swift; path = FriendCell.swift; sourceTree = "<group>"; };
		FE5E82831985898000898315 /* Login.storyboard */ = {isa = PBXFileReference; fileEncoding = 4; lastKnownFileType = file.storyboard; path = Login.storyboard; sourceTree = "<group>"; };
		FE5E82851985899400898315 /* LoginViewController.swift */ = {isa = PBXFileReference; fileEncoding = 4; lastKnownFileType = sourcecode.swift; path = LoginViewController.swift; sourceTree = "<group>"; };
		FE5E828C19858E0D00898315 /* logo.png */ = {isa = PBXFileReference; lastKnownFileType = image.png; path = logo.png; sourceTree = "<group>"; };
		FE5E828D19858E0D00898315 /* logo@2x.png */ = {isa = PBXFileReference; lastKnownFileType = image.png; path = "logo@2x.png"; sourceTree = "<group>"; };
		FE5E829419858F1400898315 /* facebook24.png */ = {isa = PBXFileReference; lastKnownFileType = image.png; path = facebook24.png; sourceTree = "<group>"; };
		FE5E829519858F1400898315 /* facebook24@2x.png */ = {isa = PBXFileReference; lastKnownFileType = image.png; path = "facebook24@2x.png"; sourceTree = "<group>"; };
		FE5E8298198590F500898315 /* twitter_logo.png */ = {isa = PBXFileReference; lastKnownFileType = image.png; path = twitter_logo.png; sourceTree = "<group>"; };
		FE5E8299198590F500898315 /* twitter_logo@2x.png */ = {isa = PBXFileReference; lastKnownFileType = image.png; path = "twitter_logo@2x.png"; sourceTree = "<group>"; };
		FE7C17851980B64A0070FAD3 /* Crashlytics.framework */ = {isa = PBXFileReference; lastKnownFileType = wrapper.framework; path = Crashlytics.framework; sourceTree = "<group>"; };
		FE7C17871980B6620070FAD3 /* Sheep-Bridging-Header.h */ = {isa = PBXFileReference; lastKnownFileType = sourcecode.c.h; path = "Sheep-Bridging-Header.h"; sourceTree = "<group>"; };
		FE7C178A1980B78C0070FAD3 /* Sheep.entitlements */ = {isa = PBXFileReference; lastKnownFileType = text.xml; path = Sheep.entitlements; sourceTree = "<group>"; };
		FE93F12119883DDD00310F7D /* RestClient.swift */ = {isa = PBXFileReference; fileEncoding = 4; lastKnownFileType = sourcecode.swift; path = RestClient.swift; sourceTree = "<group>"; };
		FEA7BCF4198E05830023AF7A /* HayoListViewController.swift */ = {isa = PBXFileReference; fileEncoding = 4; lastKnownFileType = sourcecode.swift; path = HayoListViewController.swift; sourceTree = "<group>"; };
		FEA7BCF6198E05BB0023AF7A /* HayoList.storyboard */ = {isa = PBXFileReference; fileEncoding = 4; lastKnownFileType = file.storyboard; path = HayoList.storyboard; sourceTree = "<group>"; };
		FEA7BCFC198E0CA20023AF7A /* close.png */ = {isa = PBXFileReference; lastKnownFileType = image.png; path = close.png; sourceTree = "<group>"; };
		FEA7BCFD198E0CA20023AF7A /* close@2x.png */ = {isa = PBXFileReference; lastKnownFileType = image.png; path = "close@2x.png"; sourceTree = "<group>"; };
		FEA7BD01198E0EAD0023AF7A /* Profile.storyboard */ = {isa = PBXFileReference; fileEncoding = 4; lastKnownFileType = file.storyboard; path = Profile.storyboard; sourceTree = "<group>"; };
		FEA7BD03198E0EB80023AF7A /* ProfileViewController.swift */ = {isa = PBXFileReference; fileEncoding = 4; lastKnownFileType = sourcecode.swift; path = ProfileViewController.swift; sourceTree = "<group>"; };
		FEA7BD05198E15890023AF7A /* FriendView.swift */ = {isa = PBXFileReference; fileEncoding = 4; lastKnownFileType = sourcecode.swift; path = FriendView.swift; sourceTree = "<group>"; };
		FEA7BD07198E15950023AF7A /* FriendView.xib */ = {isa = PBXFileReference; fileEncoding = 4; lastKnownFileType = file.xib; path = FriendView.xib; sourceTree = "<group>"; };
		FEB7BC8E198662E500321AC3 /* TypedSNSUser.swift */ = {isa = PBXFileReference; fileEncoding = 4; lastKnownFileType = sourcecode.swift; path = TypedSNSUser.swift; sourceTree = "<group>"; };
		FEB977C01991D7EA000032E6 /* FriendViewController.swift */ = {isa = PBXFileReference; fileEncoding = 4; lastKnownFileType = sourcecode.swift; path = FriendViewController.swift; sourceTree = "<group>"; };
		FEB977C21991D7F4000032E6 /* Friend.storyboard */ = {isa = PBXFileReference; fileEncoding = 4; lastKnownFileType = file.storyboard; path = Friend.storyboard; sourceTree = "<group>"; };
		FEBED926198B0738003E93EB /* Localizable.strings */ = {isa = PBXFileReference; fileEncoding = 4; lastKnownFileType = text.plist.strings; path = Localizable.strings; sourceTree = "<group>"; };
		FEC4AB3D19819DE000E84978 /* Model.xcdatamodel */ = {isa = PBXFileReference; lastKnownFileType = wrapper.xcdatamodel; path = Model.xcdatamodel; sourceTree = "<group>"; };
		FEC4AB3F19819E0C00E84978 /* Account.swift */ = {isa = PBXFileReference; fileEncoding = 4; lastKnownFileType = sourcecode.swift; path = Account.swift; sourceTree = "<group>"; };
		FEC4AB4219819F5300E84978 /* IOUtil.swift */ = {isa = PBXFileReference; fileEncoding = 4; lastKnownFileType = sourcecode.swift; path = IOUtil.swift; sourceTree = "<group>"; };
		FEC4AB441981AA4400E84978 /* sheep.caf */ = {isa = PBXFileReference; lastKnownFileType = file; path = sheep.caf; sourceTree = "<group>"; };
		FEC78CD6198BBAB5008E7C10 /* FriendCandidateCell.swift */ = {isa = PBXFileReference; fileEncoding = 4; lastKnownFileType = sourcecode.swift; path = FriendCandidateCell.swift; sourceTree = "<group>"; };
		FEC78CD8198BBAD3008E7C10 /* FriendCandidateCell.xib */ = {isa = PBXFileReference; fileEncoding = 4; lastKnownFileType = file.xib; path = FriendCandidateCell.xib; sourceTree = "<group>"; };
		FECB66E41980B2DA00FFD05C /* HAYO.app */ = {isa = PBXFileReference; explicitFileType = wrapper.application; includeInIndex = 0; path = HAYO.app; sourceTree = BUILT_PRODUCTS_DIR; };
		FECB66E81980B2DA00FFD05C /* Info.plist */ = {isa = PBXFileReference; lastKnownFileType = text.plist.xml; path = Info.plist; sourceTree = "<group>"; };
		FECB66E91980B2DA00FFD05C /* AppDelegate.swift */ = {isa = PBXFileReference; lastKnownFileType = sourcecode.swift; path = AppDelegate.swift; sourceTree = "<group>"; };
		FECB66EB1980B2DA00FFD05C /* MainViewController.swift */ = {isa = PBXFileReference; lastKnownFileType = sourcecode.swift; path = MainViewController.swift; sourceTree = "<group>"; };
		FECB66EE1980B2DA00FFD05C /* Base */ = {isa = PBXFileReference; lastKnownFileType = file.storyboard; name = Base; path = Base.lproj/Main.storyboard; sourceTree = "<group>"; };
		FECB66F01980B2DA00FFD05C /* Images.xcassets */ = {isa = PBXFileReference; lastKnownFileType = folder.assetcatalog; path = Images.xcassets; sourceTree = "<group>"; };
		FECB66F61980B2DA00FFD05C /* HAYOTests.xctest */ = {isa = PBXFileReference; explicitFileType = wrapper.cfbundle; includeInIndex = 0; path = HAYOTests.xctest; sourceTree = BUILT_PRODUCTS_DIR; };
		FECB66FB1980B2DA00FFD05C /* Info.plist */ = {isa = PBXFileReference; lastKnownFileType = text.plist.xml; path = Info.plist; sourceTree = "<group>"; };
		FECB66FC1980B2DA00FFD05C /* SheepTests.swift */ = {isa = PBXFileReference; lastKnownFileType = sourcecode.swift; path = SheepTests.swift; sourceTree = "<group>"; };
/* End PBXFileReference section */

/* Begin PBXFrameworksBuildPhase section */
		FECB66E11980B2DA00FFD05C /* Frameworks */ = {
			isa = PBXFrameworksBuildPhase;
			buildActionMask = 2147483647;
			files = (
				FE7C17861980B64A0070FAD3 /* Crashlytics.framework in Frameworks */,
				3DBC48682F2F47E98CC8C415 /* libPods-Sheep.a in Frameworks */,
			);
			runOnlyForDeploymentPostprocessing = 0;
		};
		FECB66F31980B2DA00FFD05C /* Frameworks */ = {
			isa = PBXFrameworksBuildPhase;
			buildActionMask = 2147483647;
			files = (
				583553B10EA248C485992F9B /* libPods-SheepTests.a in Frameworks */,
			);
			runOnlyForDeploymentPostprocessing = 0;
		};
/* End PBXFrameworksBuildPhase section */

/* Begin PBXGroup section */
		82555195273D4FD39C824368 /* Frameworks */ = {
			isa = PBXGroup;
			children = (
				FE7C17851980B64A0070FAD3 /* Crashlytics.framework */,
				58B8DA5D3446480EA456CBD3 /* libPods-Sheep.a */,
				6F68FC543C594724AF0AEF10 /* libPods-SheepTests.a */,
			);
			name = Frameworks;
			sourceTree = "<group>";
		};
		FE12D6AC1987BA420019DF03 /* Utils */ = {
			isa = PBXGroup;
			children = (
				FE12D6AD1987BA510019DF03 /* UIUtils.swift */,
			);
			name = Utils;
			sourceTree = "<group>";
		};
		FE12D6AF1987BC7C0019DF03 /* Main */ = {
			isa = PBXGroup;
			children = (
				FECB66ED1980B2DA00FFD05C /* Main.storyboard */,
				FECB66EB1980B2DA00FFD05C /* MainViewController.swift */,
				FE50AD0A1987D8700054B5F3 /* FriendCell.xib */,
				FE50AD0C1987D87C0054B5F3 /* FriendCell.swift */,
				FE3F7E7A198E007A001E779A /* SideMenu.storyboard */,
				FE3F7E7C198E008D001E779A /* SideMenuViewController.swift */,
				FEA7BD07198E15950023AF7A /* FriendView.xib */,
				FEA7BD05198E15890023AF7A /* FriendView.swift */,
			);
			name = Main;
			sourceTree = "<group>";
		};
		FE266A50198C5FFE001A0F13 /* Main */ = {
			isa = PBXGroup;
			children = (
				FE266A51198C6006001A0F13 /* home.png */,
				FE266A52198C6006001A0F13 /* home@2x.png */,
			);
			name = Main;
			sourceTree = "<group>";
		};
		FE38E09419874F2700CEE29B /* API */ = {
			isa = PBXGroup;
			children = (
				FE38E09219874F1B00CEE29B /* SNSClient.swift */,
				FE93F12119883DDD00310F7D /* RestClient.swift */,
			);
			name = API;
			sourceTree = "<group>";
		};
		FE5E82821985896D00898315 /* Login */ = {
			isa = PBXGroup;
			children = (
				FE5E82831985898000898315 /* Login.storyboard */,
				FE5E82851985899400898315 /* LoginViewController.swift */,
				FE38E09019874EAA00CEE29B /* RegistrationViewController.swift */,
				FE254BCA198B08C400BA9848 /* SearchFriendsViewController.swift */,
				FEC78CD6198BBAB5008E7C10 /* FriendCandidateCell.swift */,
				FEC78CD8198BBAD3008E7C10 /* FriendCandidateCell.xib */,
			);
			name = Login;
			sourceTree = "<group>";
		};
		FE5E828A19858DFC00898315 /* Resources */ = {
			isa = PBXGroup;
			children = (
				FEA7BCFB198E0C980023AF7A /* Common */,
				FE266A50198C5FFE001A0F13 /* Main */,
				FE5E828B19858E0300898315 /* Login */,
			);
			name = Resources;
			sourceTree = "<group>";
		};
		FE5E828B19858E0300898315 /* Login */ = {
			isa = PBXGroup;
			children = (
				FE5E828C19858E0D00898315 /* logo.png */,
				FE5E828D19858E0D00898315 /* logo@2x.png */,
				FE5E829419858F1400898315 /* facebook24.png */,
				FE5E829519858F1400898315 /* facebook24@2x.png */,
				FE5E8298198590F500898315 /* twitter_logo.png */,
				FE5E8299198590F500898315 /* twitter_logo@2x.png */,
			);
			name = Login;
			sourceTree = "<group>";
		};
		FEA7BCF3198E05010023AF7A /* HayoList */ = {
			isa = PBXGroup;
			children = (
				FEA7BCF6198E05BB0023AF7A /* HayoList.storyboard */,
				FEA7BCF4198E05830023AF7A /* HayoListViewController.swift */,
			);
			name = HayoList;
			sourceTree = "<group>";
		};
		FEA7BCFB198E0C980023AF7A /* Common */ = {
			isa = PBXGroup;
			children = (
				FEA7BCFC198E0CA20023AF7A /* close.png */,
				FEA7BCFD198E0CA20023AF7A /* close@2x.png */,
			);
			name = Common;
			sourceTree = "<group>";
		};
		FEA7BD00198E0EA10023AF7A /* Profile */ = {
			isa = PBXGroup;
			children = (
				FEA7BD01198E0EAD0023AF7A /* Profile.storyboard */,
				FEA7BD03198E0EB80023AF7A /* ProfileViewController.swift */,
			);
			name = Profile;
			sourceTree = "<group>";
		};
		FEB7BC8D198662D500321AC3 /* Model */ = {
			isa = PBXGroup;
			children = (
			);
			name = Model;
			sourceTree = "<group>";
		};
		FEB977BF1991D7DB000032E6 /* Frined */ = {
			isa = PBXGroup;
			children = (
				FEB977C21991D7F4000032E6 /* Friend.storyboard */,
				FEB977C01991D7EA000032E6 /* FriendViewController.swift */,
				FE06C74019941EDA00CE8FEA /* MyHayoCell.xib */,
				FE06C74419941EEE00CE8FEA /* MyHayoCell.swift */,
				FE06C73E19941ED200CE8FEA /* FriendHayoCell.xib */,
				FE06C74219941EE600CE8FEA /* FriendHayoCell.swift */,
			);
			name = Frined;
			sourceTree = "<group>";
		};
		FEC4AB3819819BF500E84978 /* UI */ = {
			isa = PBXGroup;
			children = (
				FE12D6AC1987BA420019DF03 /* Utils */,
				FEB7BC8D198662D500321AC3 /* Model */,
				FEC4AB3919819BFB00E84978 /* View */,
			);
			name = UI;
			sourceTree = "<group>";
		};
		FEC4AB3919819BFB00E84978 /* View */ = {
			isa = PBXGroup;
			children = (
				FEB977BF1991D7DB000032E6 /* Frined */,
				FEA7BD00198E0EA10023AF7A /* Profile */,
				FEA7BCF3198E05010023AF7A /* HayoList */,
				FE5E82821985896D00898315 /* Login */,
				FE12D6AF1987BC7C0019DF03 /* Main */,
			);
			name = View;
			sourceTree = "<group>";
		};
		FEC4AB3A19819DB900E84978 /* Library */ = {
			isa = PBXGroup;
			children = (
				FE38E09419874F2700CEE29B /* API */,
				FEC4AB4119819F4800E84978 /* Util */,
				FEC4AB3B19819DD100E84978 /* Model */,
			);
			name = Library;
			sourceTree = "<group>";
		};
		FEC4AB3B19819DD100E84978 /* Model */ = {
			isa = PBXGroup;
			children = (
				FE05E5AD19943B40001C60F0 /* Hayo.swift */,
				FEB7BC8E198662E500321AC3 /* TypedSNSUser.swift */,
				FEC4AB3C19819DE000E84978 /* Model.xcdatamodeld */,
				FEC4AB3F19819E0C00E84978 /* Account.swift */,
			);
			name = Model;
			sourceTree = "<group>";
		};
		FEC4AB4119819F4800E84978 /* Util */ = {
			isa = PBXGroup;
			children = (
				FEC4AB4219819F5300E84978 /* IOUtil.swift */,
			);
			name = Util;
			sourceTree = "<group>";
		};
		FECB66DB1980B2DA00FFD05C = {
			isa = PBXGroup;
			children = (
				FECB66E61980B2DA00FFD05C /* Sheep */,
				FECB66F91980B2DA00FFD05C /* SheepTests */,
				FECB66E51980B2DA00FFD05C /* Products */,
				15987A3D436C49ED943AFB7A /* Pods-Sheep.xcconfig */,
				82555195273D4FD39C824368 /* Frameworks */,
				73105CB695E240E9B52057E2 /* Pods-SheepTests.xcconfig */,
			);
			sourceTree = "<group>";
		};
		FECB66E51980B2DA00FFD05C /* Products */ = {
			isa = PBXGroup;
			children = (
				FECB66E41980B2DA00FFD05C /* HAYO.app */,
				FECB66F61980B2DA00FFD05C /* HAYOTests.xctest */,
			);
			name = Products;
			sourceTree = "<group>";
		};
		FECB66E61980B2DA00FFD05C /* Sheep */ = {
			isa = PBXGroup;
			children = (
				FE7C17871980B6620070FAD3 /* Sheep-Bridging-Header.h */,
				FECB66E91980B2DA00FFD05C /* AppDelegate.swift */,
				FE5E828A19858DFC00898315 /* Resources */,
				FEC4AB3819819BF500E84978 /* UI */,
				FEC4AB3A19819DB900E84978 /* Library */,
				FE06BE12198117A1007367EA /* ObjcHelper.h */,
				FE06BE13198117A1007367EA /* ObjcHelper.m */,
				FE7C178A1980B78C0070FAD3 /* Sheep.entitlements */,
				FECB66F01980B2DA00FFD05C /* Images.xcassets */,
				FEC4AB441981AA4400E84978 /* sheep.caf */,
				FECB66E71980B2DA00FFD05C /* Supporting Files */,
				FEBED926198B0738003E93EB /* Localizable.strings */,
			);
			path = Sheep;
			sourceTree = "<group>";
		};
		FECB66E71980B2DA00FFD05C /* Supporting Files */ = {
			isa = PBXGroup;
			children = (
				FECB66E81980B2DA00FFD05C /* Info.plist */,
			);
			name = "Supporting Files";
			sourceTree = "<group>";
		};
		FECB66F91980B2DA00FFD05C /* SheepTests */ = {
			isa = PBXGroup;
			children = (
				FECB66FC1980B2DA00FFD05C /* SheepTests.swift */,
				FECB66FA1980B2DA00FFD05C /* Supporting Files */,
			);
			path = SheepTests;
			sourceTree = "<group>";
		};
		FECB66FA1980B2DA00FFD05C /* Supporting Files */ = {
			isa = PBXGroup;
			children = (
				FECB66FB1980B2DA00FFD05C /* Info.plist */,
			);
			name = "Supporting Files";
			sourceTree = "<group>";
		};
/* End PBXGroup section */

/* Begin PBXNativeTarget section */
		FECB66E31980B2DA00FFD05C /* HAYO */ = {
			isa = PBXNativeTarget;
			buildConfigurationList = FECB67001980B2DA00FFD05C /* Build configuration list for PBXNativeTarget "HAYO" */;
			buildPhases = (
				CA98AC92D3A24BDBB2B462DC /* Check Pods Manifest.lock */,
				FECB66E01980B2DA00FFD05C /* Sources */,
				FECB66E11980B2DA00FFD05C /* Frameworks */,
				FECB66E21980B2DA00FFD05C /* Resources */,
				11DB1E670D3E48919C8E64AB /* Copy Pods Resources */,
				FE7C17841980B62D0070FAD3 /* ShellScript */,
			);
			buildRules = (
			);
			dependencies = (
			);
			name = HAYO;
			productName = Sheep;
			productReference = FECB66E41980B2DA00FFD05C /* HAYO.app */;
			productType = "com.apple.product-type.application";
		};
		FECB66F51980B2DA00FFD05C /* HAYOTests */ = {
			isa = PBXNativeTarget;
			buildConfigurationList = FECB67031980B2DA00FFD05C /* Build configuration list for PBXNativeTarget "HAYOTests" */;
			buildPhases = (
				02954D9DD00A455C891506E0 /* Check Pods Manifest.lock */,
				FECB66F21980B2DA00FFD05C /* Sources */,
				FECB66F31980B2DA00FFD05C /* Frameworks */,
				FECB66F41980B2DA00FFD05C /* Resources */,
				6CA076177BDA44DD94C95115 /* Copy Pods Resources */,
			);
			buildRules = (
			);
			dependencies = (
				FECB66F81980B2DA00FFD05C /* PBXTargetDependency */,
			);
			name = HAYOTests;
			productName = SheepTests;
			productReference = FECB66F61980B2DA00FFD05C /* HAYOTests.xctest */;
			productType = "com.apple.product-type.bundle.unit-test";
		};
/* End PBXNativeTarget section */

/* Begin PBXProject section */
		FECB66DC1980B2DA00FFD05C /* Project object */ = {
			isa = PBXProject;
			attributes = {
				LastUpgradeCheck = 0600;
				ORGANIZATIONNAME = Sheep;
				TargetAttributes = {
					FECB66E31980B2DA00FFD05C = {
						CreatedOnToolsVersion = 6.0;
						DevelopmentTeam = T2A5TG8364;
						SystemCapabilities = {
							com.apple.iCloud = {
								enabled = 0;
							};
						};
					};
					FECB66F51980B2DA00FFD05C = {
						CreatedOnToolsVersion = 6.0;
						TestTargetID = FECB66E31980B2DA00FFD05C;
					};
				};
			};
			buildConfigurationList = FECB66DF1980B2DA00FFD05C /* Build configuration list for PBXProject "HAYO" */;
			compatibilityVersion = "Xcode 3.2";
			developmentRegion = English;
			hasScannedForEncodings = 0;
			knownRegions = (
				en,
				Base,
			);
			mainGroup = FECB66DB1980B2DA00FFD05C;
			productRefGroup = FECB66E51980B2DA00FFD05C /* Products */;
			projectDirPath = "";
			projectRoot = "";
			targets = (
				FECB66E31980B2DA00FFD05C /* HAYO */,
				FECB66F51980B2DA00FFD05C /* HAYOTests */,
			);
		};
/* End PBXProject section */

/* Begin PBXResourcesBuildPhase section */
		FECB66E21980B2DA00FFD05C /* Resources */ = {
			isa = PBXResourcesBuildPhase;
			buildActionMask = 2147483647;
			files = (
				FEA7BD08198E15950023AF7A /* FriendView.xib in Resources */,
				FE06C73F19941ED200CE8FEA /* FriendHayoCell.xib in Resources */,
				FEA7BCFE198E0CA20023AF7A /* close.png in Resources */,
				FE5E829A198590F500898315 /* twitter_logo.png in Resources */,
				FEA7BD02198E0EAD0023AF7A /* Profile.storyboard in Resources */,
				FEBED927198B0738003E93EB /* Localizable.strings in Resources */,
				FE266A53198C6006001A0F13 /* home.png in Resources */,
				FEB977C31991D7F4000032E6 /* Friend.storyboard in Resources */,
				FE3F7E7B198E007A001E779A /* SideMenu.storyboard in Resources */,
				FE5E828F19858E0D00898315 /* logo@2x.png in Resources */,
				FE5E828E19858E0D00898315 /* logo.png in Resources */,
				FE266A54198C6006001A0F13 /* home@2x.png in Resources */,
				FECB66EF1980B2DA00FFD05C /* Main.storyboard in Resources */,
				FEA7BCFF198E0CA20023AF7A /* close@2x.png in Resources */,
				FE06C74119941EDA00CE8FEA /* MyHayoCell.xib in Resources */,
				FE50AD0B1987D8700054B5F3 /* FriendCell.xib in Resources */,
				FEA7BCF7198E05BB0023AF7A /* HayoList.storyboard in Resources */,
				FE5E829619858F1400898315 /* facebook24.png in Resources */,
				FEC4AB451981AB1B00E84978 /* sheep.caf in Resources */,
				FEC78CD9198BBAD3008E7C10 /* FriendCandidateCell.xib in Resources */,
				FE5E829B198590F500898315 /* twitter_logo@2x.png in Resources */,
				FE5E829719858F1400898315 /* facebook24@2x.png in Resources */,
				FECB66F11980B2DA00FFD05C /* Images.xcassets in Resources */,
				FE266A4F198C46A7001A0F13 /* Login.storyboard in Resources */,
			);
			runOnlyForDeploymentPostprocessing = 0;
		};
		FECB66F41980B2DA00FFD05C /* Resources */ = {
			isa = PBXResourcesBuildPhase;
			buildActionMask = 2147483647;
			files = (
			);
			runOnlyForDeploymentPostprocessing = 0;
		};
/* End PBXResourcesBuildPhase section */

/* Begin PBXShellScriptBuildPhase section */
		02954D9DD00A455C891506E0 /* Check Pods Manifest.lock */ = {
			isa = PBXShellScriptBuildPhase;
			buildActionMask = 2147483647;
			files = (
			);
			inputPaths = (
			);
			name = "Check Pods Manifest.lock";
			outputPaths = (
			);
			runOnlyForDeploymentPostprocessing = 0;
			shellPath = /bin/sh;
			shellScript = "diff \"${PODS_ROOT}/../Podfile.lock\" \"${PODS_ROOT}/Manifest.lock\" > /dev/null\nif [[ $? != 0 ]] ; then\n    cat << EOM\nerror: The sandbox is not in sync with the Podfile.lock. Run 'pod install' or update your CocoaPods installation.\nEOM\n    exit 1\nfi\n";
			showEnvVarsInLog = 0;
		};
		11DB1E670D3E48919C8E64AB /* Copy Pods Resources */ = {
			isa = PBXShellScriptBuildPhase;
			buildActionMask = 2147483647;
			files = (
			);
			inputPaths = (
			);
			name = "Copy Pods Resources";
			outputPaths = (
			);
			runOnlyForDeploymentPostprocessing = 0;
			shellPath = /bin/sh;
			shellScript = "\"${SRCROOT}/Pods/Pods-Sheep-resources.sh\"\n";
			showEnvVarsInLog = 0;
		};
		6CA076177BDA44DD94C95115 /* Copy Pods Resources */ = {
			isa = PBXShellScriptBuildPhase;
			buildActionMask = 2147483647;
			files = (
			);
			inputPaths = (
			);
			name = "Copy Pods Resources";
			outputPaths = (
			);
			runOnlyForDeploymentPostprocessing = 0;
			shellPath = /bin/sh;
			shellScript = "\"${SRCROOT}/Pods/Pods-SheepTests-resources.sh\"\n";
			showEnvVarsInLog = 0;
		};
		CA98AC92D3A24BDBB2B462DC /* Check Pods Manifest.lock */ = {
			isa = PBXShellScriptBuildPhase;
			buildActionMask = 2147483647;
			files = (
			);
			inputPaths = (
			);
			name = "Check Pods Manifest.lock";
			outputPaths = (
			);
			runOnlyForDeploymentPostprocessing = 0;
			shellPath = /bin/sh;
			shellScript = "diff \"${PODS_ROOT}/../Podfile.lock\" \"${PODS_ROOT}/Manifest.lock\" > /dev/null\nif [[ $? != 0 ]] ; then\n    cat << EOM\nerror: The sandbox is not in sync with the Podfile.lock. Run 'pod install' or update your CocoaPods installation.\nEOM\n    exit 1\nfi\n";
			showEnvVarsInLog = 0;
		};
		FE7C17841980B62D0070FAD3 /* ShellScript */ = {
			isa = PBXShellScriptBuildPhase;
			buildActionMask = 2147483647;
			files = (
			);
			inputPaths = (
			);
			outputPaths = (
			);
			runOnlyForDeploymentPostprocessing = 0;
			shellPath = /bin/sh;
			shellScript = "./Crashlytics.framework/run d95b1c50531d0d17895fc1a2c84053145215f757 06a55988c3cabcf78001bf22eb05a53885e06aa86a368ea54d440601ccfc9239";
		};
/* End PBXShellScriptBuildPhase section */

/* Begin PBXSourcesBuildPhase section */
		FECB66E01980B2DA00FFD05C /* Sources */ = {
			isa = PBXSourcesBuildPhase;
			buildActionMask = 2147483647;
			files = (
				FE05E5AE19943B40001C60F0 /* Hayo.swift in Sources */,
				FE3F7E7D198E008D001E779A /* SideMenuViewController.swift in Sources */,
				FE5E82861985899400898315 /* LoginViewController.swift in Sources */,
				FEA7BCF5198E05830023AF7A /* HayoListViewController.swift in Sources */,
				FE38E09319874F1B00CEE29B /* SNSClient.swift in Sources */,
				FEB977C11991D7EA000032E6 /* FriendViewController.swift in Sources */,
				FE254BCB198B08C400BA9848 /* SearchFriendsViewController.swift in Sources */,
				FEC78CD7198BBAB5008E7C10 /* FriendCandidateCell.swift in Sources */,
				FEA7BD04198E0EB80023AF7A /* ProfileViewController.swift in Sources */,
				FE12D6AE1987BA510019DF03 /* UIUtils.swift in Sources */,
				FEB7BC8F198662E500321AC3 /* TypedSNSUser.swift in Sources */,
				FE06C74519941EEE00CE8FEA /* MyHayoCell.swift in Sources */,
				FEC4AB4019819E0C00E84978 /* Account.swift in Sources */,
				FE38E09119874EAA00CEE29B /* RegistrationViewController.swift in Sources */,
				FEC4AB4319819F5300E84978 /* IOUtil.swift in Sources */,
				FE93F12219883DDD00310F7D /* RestClient.swift in Sources */,
				FE06C74319941EE600CE8FEA /* FriendHayoCell.swift in Sources */,
				FE50AD0D1987D87C0054B5F3 /* FriendCell.swift in Sources */,
				FE06BE14198117A1007367EA /* ObjcHelper.m in Sources */,
				FECB66EC1980B2DA00FFD05C /* MainViewController.swift in Sources */,
				FECB66EA1980B2DA00FFD05C /* AppDelegate.swift in Sources */,
				FEA7BD06198E15890023AF7A /* FriendView.swift in Sources */,
				FEC4AB3E19819DE000E84978 /* Model.xcdatamodeld in Sources */,
			);
			runOnlyForDeploymentPostprocessing = 0;
		};
		FECB66F21980B2DA00FFD05C /* Sources */ = {
			isa = PBXSourcesBuildPhase;
			buildActionMask = 2147483647;
			files = (
				FECB66FD1980B2DA00FFD05C /* SheepTests.swift in Sources */,
			);
			runOnlyForDeploymentPostprocessing = 0;
		};
/* End PBXSourcesBuildPhase section */

/* Begin PBXTargetDependency section */
		FECB66F81980B2DA00FFD05C /* PBXTargetDependency */ = {
			isa = PBXTargetDependency;
			target = FECB66E31980B2DA00FFD05C /* HAYO */;
			targetProxy = FECB66F71980B2DA00FFD05C /* PBXContainerItemProxy */;
		};
/* End PBXTargetDependency section */

/* Begin PBXVariantGroup section */
		FECB66ED1980B2DA00FFD05C /* Main.storyboard */ = {
			isa = PBXVariantGroup;
			children = (
				FECB66EE1980B2DA00FFD05C /* Base */,
			);
			name = Main.storyboard;
			sourceTree = "<group>";
		};
/* End PBXVariantGroup section */

/* Begin XCBuildConfiguration section */
		FECB66FE1980B2DA00FFD05C /* Debug */ = {
			isa = XCBuildConfiguration;
			buildSettings = {
				ALWAYS_SEARCH_USER_PATHS = NO;
				CLANG_CXX_LANGUAGE_STANDARD = "gnu++0x";
				CLANG_CXX_LIBRARY = "libc++";
				CLANG_ENABLE_MODULES = YES;
				CLANG_ENABLE_OBJC_ARC = YES;
				CLANG_WARN_BOOL_CONVERSION = YES;
				CLANG_WARN_CONSTANT_CONVERSION = YES;
				CLANG_WARN_DIRECT_OBJC_ISA_USAGE = YES_ERROR;
				CLANG_WARN_EMPTY_BODY = YES;
				CLANG_WARN_ENUM_CONVERSION = YES;
				CLANG_WARN_INT_CONVERSION = YES;
				CLANG_WARN_OBJC_ROOT_CLASS = YES_ERROR;
				CLANG_WARN_UNREACHABLE_CODE = YES;
				CLANG_WARN__DUPLICATE_METHOD_MATCH = YES;
				"CODE_SIGN_IDENTITY[sdk=iphoneos*]" = "iPhone Developer";
				COPY_PHASE_STRIP = NO;
				ENABLE_STRICT_OBJC_MSGSEND = YES;
				GCC_C_LANGUAGE_STANDARD = gnu99;
				GCC_DYNAMIC_NO_PIC = NO;
				GCC_OPTIMIZATION_LEVEL = 0;
				GCC_PREPROCESSOR_DEFINITIONS = (
					"DEBUG=1",
					"$(inherited)",
				);
				GCC_SYMBOLS_PRIVATE_EXTERN = NO;
				GCC_WARN_64_TO_32_BIT_CONVERSION = YES;
				GCC_WARN_ABOUT_RETURN_TYPE = YES_ERROR;
				GCC_WARN_UNDECLARED_SELECTOR = YES;
				GCC_WARN_UNINITIALIZED_AUTOS = YES_AGGRESSIVE;
				GCC_WARN_UNUSED_FUNCTION = YES;
				GCC_WARN_UNUSED_VARIABLE = YES;
				IPHONEOS_DEPLOYMENT_TARGET = 8.0;
				MTL_ENABLE_DEBUG_INFO = YES;
				ONLY_ACTIVE_ARCH = YES;
				SDKROOT = iphoneos;
				SWIFT_OPTIMIZATION_LEVEL = "-Onone";
				TARGETED_DEVICE_FAMILY = "1,2";
			};
			name = Debug;
		};
		FECB66FF1980B2DA00FFD05C /* Release */ = {
			isa = XCBuildConfiguration;
			buildSettings = {
				ALWAYS_SEARCH_USER_PATHS = NO;
				CLANG_CXX_LANGUAGE_STANDARD = "gnu++0x";
				CLANG_CXX_LIBRARY = "libc++";
				CLANG_ENABLE_MODULES = YES;
				CLANG_ENABLE_OBJC_ARC = YES;
				CLANG_WARN_BOOL_CONVERSION = YES;
				CLANG_WARN_CONSTANT_CONVERSION = YES;
				CLANG_WARN_DIRECT_OBJC_ISA_USAGE = YES_ERROR;
				CLANG_WARN_EMPTY_BODY = YES;
				CLANG_WARN_ENUM_CONVERSION = YES;
				CLANG_WARN_INT_CONVERSION = YES;
				CLANG_WARN_OBJC_ROOT_CLASS = YES_ERROR;
				CLANG_WARN_UNREACHABLE_CODE = YES;
				CLANG_WARN__DUPLICATE_METHOD_MATCH = YES;
				"CODE_SIGN_IDENTITY[sdk=iphoneos*]" = "iPhone Developer";
				COPY_PHASE_STRIP = YES;
				ENABLE_NS_ASSERTIONS = NO;
				ENABLE_STRICT_OBJC_MSGSEND = YES;
				GCC_C_LANGUAGE_STANDARD = gnu99;
				GCC_WARN_64_TO_32_BIT_CONVERSION = YES;
				GCC_WARN_ABOUT_RETURN_TYPE = YES_ERROR;
				GCC_WARN_UNDECLARED_SELECTOR = YES;
				GCC_WARN_UNINITIALIZED_AUTOS = YES_AGGRESSIVE;
				GCC_WARN_UNUSED_FUNCTION = YES;
				GCC_WARN_UNUSED_VARIABLE = YES;
				IPHONEOS_DEPLOYMENT_TARGET = 8.0;
				MTL_ENABLE_DEBUG_INFO = NO;
				SDKROOT = iphoneos;
				TARGETED_DEVICE_FAMILY = "1,2";
				VALIDATE_PRODUCT = YES;
			};
			name = Release;
		};
		FECB67011980B2DA00FFD05C /* Debug */ = {
			isa = XCBuildConfiguration;
			baseConfigurationReference = 15987A3D436C49ED943AFB7A /* Pods-Sheep.xcconfig */;
			buildSettings = {
				APP_NAME = HAYODev;
				ASSETCATALOG_COMPILER_APPICON_NAME = AppIcon;
				ASSETCATALOG_COMPILER_LAUNCHIMAGE_NAME = LaunchImage;
				BUNDLE_ID_SUFFIX = .dev;
				CLANG_ENABLE_MODULES = YES;
				CODE_SIGN_IDENTITY = "iPhone Developer";
				"CODE_SIGN_IDENTITY[sdk=iphoneos*]" = "iPhone Developer";
				FRAMEWORK_SEARCH_PATHS = (
					"$(inherited)",
					"$(PROJECT_DIR)",
				);
				INFOPLIST_FILE = Sheep/Info.plist;
				IPHONEOS_DEPLOYMENT_TARGET = 7.0;
				LD_RUNPATH_SEARCH_PATHS = "$(inherited) @executable_path/Frameworks";
				PRODUCT_NAME = HAYO;
				PROVISIONING_PROFILE = "96702ED8-B6D5-4767-8215-4C5D8B50CA10";
				SWIFT_OBJC_BRIDGING_HEADER = "Sheep/Sheep-Bridging-Header.h";
				SWIFT_OPTIMIZATION_LEVEL = "-Onone";
			};
			name = Debug;
		};
		FECB67021980B2DA00FFD05C /* Release */ = {
			isa = XCBuildConfiguration;
			baseConfigurationReference = 15987A3D436C49ED943AFB7A /* Pods-Sheep.xcconfig */;
			buildSettings = {
				APP_NAME = HAYO;
				ASSETCATALOG_COMPILER_APPICON_NAME = AppIcon;
				ASSETCATALOG_COMPILER_LAUNCHIMAGE_NAME = LaunchImage;
				BUNDLE_ID_SUFFIX = "";
				CLANG_ENABLE_MODULES = YES;
				CODE_SIGN_IDENTITY = "iPhone Developer";
				"CODE_SIGN_IDENTITY[sdk=iphoneos*]" = "iPhone Developer";
				FRAMEWORK_SEARCH_PATHS = (
					"$(inherited)",
					"$(PROJECT_DIR)",
				);
				INFOPLIST_FILE = Sheep/Info.plist;
				IPHONEOS_DEPLOYMENT_TARGET = 7.0;
				LD_RUNPATH_SEARCH_PATHS = "$(inherited) @executable_path/Frameworks";
				PRODUCT_NAME = HAYO;
				PROVISIONING_PROFILE = "32560BDF-BCBE-44E9-A2E7-C0077A3944E2";
				SWIFT_OBJC_BRIDGING_HEADER = "Sheep/Sheep-Bridging-Header.h";
				SWIFT_OPTIMIZATION_LEVEL = "-Onone";
			};
			name = Release;
		};
		FECB67041980B2DA00FFD05C /* Debug */ = {
			isa = XCBuildConfiguration;
			baseConfigurationReference = 73105CB695E240E9B52057E2 /* Pods-SheepTests.xcconfig */;
			buildSettings = {
				BUNDLE_LOADER = "$(BUILT_PRODUCTS_DIR)/Sheep.app/Sheep";
				FRAMEWORK_SEARCH_PATHS = (
					"$(SDKROOT)/Developer/Library/Frameworks",
					"$(inherited)",
				);
				GCC_PREPROCESSOR_DEFINITIONS = (
					"DEBUG=1",
					"$(inherited)",
				);
				INFOPLIST_FILE = SheepTests/Info.plist;
				LD_RUNPATH_SEARCH_PATHS = "$(inherited) @executable_path/Frameworks @loader_path/Frameworks";
				PRODUCT_NAME = HAYOTests;
				TEST_HOST = "$(BUNDLE_LOADER)";
			};
			name = Debug;
		};
		FECB67051980B2DA00FFD05C /* Release */ = {
			isa = XCBuildConfiguration;
			baseConfigurationReference = 73105CB695E240E9B52057E2 /* Pods-SheepTests.xcconfig */;
			buildSettings = {
				BUNDLE_LOADER = "$(BUILT_PRODUCTS_DIR)/Sheep.app/Sheep";
				FRAMEWORK_SEARCH_PATHS = (
					"$(SDKROOT)/Developer/Library/Frameworks",
					"$(inherited)",
				);
				INFOPLIST_FILE = SheepTests/Info.plist;
				LD_RUNPATH_SEARCH_PATHS = "$(inherited) @executable_path/Frameworks @loader_path/Frameworks";
				PRODUCT_NAME = HAYOTests;
				TEST_HOST = "$(BUNDLE_LOADER)";
			};
			name = Release;
		};
/* End XCBuildConfiguration section */

/* Begin XCConfigurationList section */
		FECB66DF1980B2DA00FFD05C /* Build configuration list for PBXProject "HAYO" */ = {
			isa = XCConfigurationList;
			buildConfigurations = (
				FECB66FE1980B2DA00FFD05C /* Debug */,
				FECB66FF1980B2DA00FFD05C /* Release */,
			);
			defaultConfigurationIsVisible = 0;
			defaultConfigurationName = Release;
		};
		FECB67001980B2DA00FFD05C /* Build configuration list for PBXNativeTarget "HAYO" */ = {
			isa = XCConfigurationList;
			buildConfigurations = (
				FECB67011980B2DA00FFD05C /* Debug */,
				FECB67021980B2DA00FFD05C /* Release */,
			);
			defaultConfigurationIsVisible = 0;
			defaultConfigurationName = Release;
		};
		FECB67031980B2DA00FFD05C /* Build configuration list for PBXNativeTarget "HAYOTests" */ = {
			isa = XCConfigurationList;
			buildConfigurations = (
				FECB67041980B2DA00FFD05C /* Debug */,
				FECB67051980B2DA00FFD05C /* Release */,
			);
			defaultConfigurationIsVisible = 0;
			defaultConfigurationName = Release;
		};
/* End XCConfigurationList section */

/* Begin XCVersionGroup section */
		FEC4AB3C19819DE000E84978 /* Model.xcdatamodeld */ = {
			isa = XCVersionGroup;
			children = (
				FEC4AB3D19819DE000E84978 /* Model.xcdatamodel */,
			);
			currentVersion = FEC4AB3D19819DE000E84978 /* Model.xcdatamodel */;
			path = Model.xcdatamodeld;
			sourceTree = "<group>";
			versionGroupType = wrapper.xcdatamodel;
		};
/* End XCVersionGroup section */
	};
	rootObject = FECB66DC1980B2DA00FFD05C /* Project object */;
}
